
Microsoft Visual Studio Solution File, Format Version 12.00
# Visual Studio 2013
VisualStudioVersion = 12.0.21005.1
MinimumVisualStudioVersion = 10.0.40219.1
Project("{2150E333-8FDC-42A3-9474-1A3956D46DE8}") = "Solution Items", "Solution Items", "{6A345486-980E-44F5-90A5-B8263AC04F6E}"
	ProjectSection(SolutionItems) = preProject
		..\code_2019_1_5-1_24\code_1_5\1_5.cpp = ..\code_2019_1_5-1_24\code_1_5\1_5.cpp
		..\code_2019_1_5-1_24\code_1_5.sln = ..\code_2019_1_5-1_24\code_1_5.sln
	EndProjectSection
EndProject
Global
	GlobalSection(SolutionProperties) = preSolution
		HideSolutionNode = FALSE
	EndGlobalSection
EndGlobal
